
Microsoft Visual Studio Solution File, Format Version 12.00
# Visual Studio Version 17
VisualStudioVersion = 17.0.32002.185
MinimumVisualStudioVersion = 10.0.40219.1
Project("{FAE04EC0-301F-11D3-BF4B-00C04F79EFBC}") = "WebApiSF", "WebApiSF\WebApiSF.csproj", "{41E55641-F7A6-4670-92EC-67874B88B116}"
EndProject
Global
	GlobalSection(SolutionConfigurationPlatforms) = preSolution
		Debug|Any CPU = Debug|Any CPU
		Release|Any CPU = Release|Any CPU
	EndGlobalSection
	GlobalSection(ProjectConfigurationPlatforms) = postSolution
		{41E55641-F7A6-4670-92EC-67874B88B116}.Debug|Any CPU.ActiveCfg = Debug|Any CPU
		{41E55641-F7A6-4670-92EC-67874B88B116}.Debug|Any CPU.Build.0 = Debug|Any CPU
		{41E55641-F7A6-4670-92EC-67874B88B116}.Release|Any CPU.ActiveCfg = Release|Any CPU
		{41E55641-F7A6-4670-92EC-67874B88B116}.Release|Any CPU.Build.0 = Release|Any CPU
	EndGlobalSection
	GlobalSection(SolutionProperties) = preSolution
		HideSolutionNode = FALSE
	EndGlobalSection
	GlobalSection(ExtensibilityGlobals) = postSolution
		SolutionGuid = {1F02CE26-460D-410E-98A8-E16C09D47426}
	EndGlobalSection
EndGlobal
